// !$*UTF8*$!
{
	archiveVersion = 1;
	classes = {
	};
	objectVersion = 50;
	objects = {

/* Begin PBXBuildFile section */
		10C5DDB82390348300031FDC /* ContractViewController.swift in Sources */ = {isa = PBXBuildFile; fileRef = 10C5DDB72390348300031FDC /* ContractViewController.swift */; };
		10C5DDBA239034AD00031FDC /* RoommateViewController.swift in Sources */ = {isa = PBXBuildFile; fileRef = 10C5DDB9239034AD00031FDC /* RoommateViewController.swift */; };
		10C5DDBC239034CD00031FDC /* MessageBoardViewController.swift in Sources */ = {isa = PBXBuildFile; fileRef = 10C5DDBB239034CD00031FDC /* MessageBoardViewController.swift */; };
		10C5DDBE239034E600031FDC /* HouseKeepingViewController.swift in Sources */ = {isa = PBXBuildFile; fileRef = 10C5DDBD239034E600031FDC /* HouseKeepingViewController.swift */; };
		3FC7A9AB238F4BF80013F9DA /* AppDelegate.swift in Sources */ = {isa = PBXBuildFile; fileRef = 3FC7A9AA238F4BF80013F9DA /* AppDelegate.swift */; };
		3FC7A9AD238F4BF80013F9DA /* SceneDelegate.swift in Sources */ = {isa = PBXBuildFile; fileRef = 3FC7A9AC238F4BF80013F9DA /* SceneDelegate.swift */; };
		3FC7A9AF238F4BF80013F9DA /* HomeViewController.swift in Sources */ = {isa = PBXBuildFile; fileRef = 3FC7A9AE238F4BF80013F9DA /* HomeViewController.swift */; };
		3FC7A9B2238F4BF80013F9DA /* Main.storyboard in Resources */ = {isa = PBXBuildFile; fileRef = 3FC7A9B0238F4BF80013F9DA /* Main.storyboard */; };
		3FC7A9B4238F4BF90013F9DA /* Assets.xcassets in Resources */ = {isa = PBXBuildFile; fileRef = 3FC7A9B3238F4BF90013F9DA /* Assets.xcassets */; };
		3FC7A9B7238F4BF90013F9DA /* LaunchScreen.storyboard in Resources */ = {isa = PBXBuildFile; fileRef = 3FC7A9B5238F4BF90013F9DA /* LaunchScreen.storyboard */; };
/* End PBXBuildFile section */

/* Begin PBXFileReference section */
		10C5DDB72390348300031FDC /* ContractViewController.swift */ = {isa = PBXFileReference; lastKnownFileType = sourcecode.swift; path = ContractViewController.swift; sourceTree = "<group>"; };
		10C5DDB9239034AD00031FDC /* RoommateViewController.swift */ = {isa = PBXFileReference; lastKnownFileType = sourcecode.swift; path = RoommateViewController.swift; sourceTree = "<group>"; };
		10C5DDBB239034CD00031FDC /* MessageBoardViewController.swift */ = {isa = PBXFileReference; lastKnownFileType = sourcecode.swift; path = MessageBoardViewController.swift; sourceTree = "<group>"; };
		10C5DDBD239034E600031FDC /* HouseKeepingViewController.swift */ = {isa = PBXFileReference; lastKnownFileType = sourcecode.swift; path = HouseKeepingViewController.swift; sourceTree = "<group>"; };
		3FC7A9A7238F4BF80013F9DA /* RoommateHub.app */ = {isa = PBXFileReference; explicitFileType = wrapper.application; includeInIndex = 0; path = RoommateHub.app; sourceTree = BUILT_PRODUCTS_DIR; };
		3FC7A9AA238F4BF80013F9DA /* AppDelegate.swift */ = {isa = PBXFileReference; lastKnownFileType = sourcecode.swift; path = AppDelegate.swift; sourceTree = "<group>"; };
		3FC7A9AC238F4BF80013F9DA /* SceneDelegate.swift */ = {isa = PBXFileReference; lastKnownFileType = sourcecode.swift; path = SceneDelegate.swift; sourceTree = "<group>"; };
		3FC7A9AE238F4BF80013F9DA /* HomeViewController.swift */ = {isa = PBXFileReference; lastKnownFileType = sourcecode.swift; path = HomeViewController.swift; sourceTree = "<group>"; };
		3FC7A9B1238F4BF80013F9DA /* Base */ = {isa = PBXFileReference; lastKnownFileType = file.storyboard; name = Base; path = Base.lproj/Main.storyboard; sourceTree = "<group>"; };
		3FC7A9B3238F4BF90013F9DA /* Assets.xcassets */ = {isa = PBXFileReference; lastKnownFileType = folder.assetcatalog; path = Assets.xcassets; sourceTree = "<group>"; };
		3FC7A9B6238F4BF90013F9DA /* Base */ = {isa = PBXFileReference; lastKnownFileType = file.storyboard; name = Base; path = Base.lproj/LaunchScreen.storyboard; sourceTree = "<group>"; };
		3FC7A9B8238F4BF90013F9DA /* Info.plist */ = {isa = PBXFileReference; lastKnownFileType = text.plist.xml; path = Info.plist; sourceTree = "<group>"; };
		3FC7A9BE238F4C120013F9DA /* README.md */ = {isa = PBXFileReference; lastKnownFileType = net.daringfireball.markdown; path = README.md; sourceTree = "<group>"; };
/* End PBXFileReference section */

/* Begin PBXFrameworksBuildPhase section */
		3FC7A9A4238F4BF80013F9DA /* Frameworks */ = {
			isa = PBXFrameworksBuildPhase;
			buildActionMask = 2147483647;
			files = (
			);
			runOnlyForDeploymentPostprocessing = 0;
		};
/* End PBXFrameworksBuildPhase section */

/* Begin PBXGroup section */
		3FC7A99E238F4BF80013F9DA = {
			isa = PBXGroup;
			children = (
				3FC7A9A9238F4BF80013F9DA /* RoommateHub */,
				3FC7A9A8238F4BF80013F9DA /* Products */,
			);
			sourceTree = "<group>";
		};
		3FC7A9A8238F4BF80013F9DA /* Products */ = {
			isa = PBXGroup;
			children = (
				3FC7A9A7238F4BF80013F9DA /* RoommateHub.app */,
			);
			name = Products;
			sourceTree = "<group>";
		};
		3FC7A9A9238F4BF80013F9DA /* RoommateHub */ = {
			isa = PBXGroup;
			children = (
				10C5DDB72390348300031FDC /* ContractViewController.swift */,
				3FC7A9AA238F4BF80013F9DA /* AppDelegate.swift */,
				3FC7A9BE238F4C120013F9DA /* README.md */,
				3FC7A9AC238F4BF80013F9DA /* SceneDelegate.swift */,
				3FC7A9AE238F4BF80013F9DA /* HomeViewController.swift */,
				3FC7A9B0238F4BF80013F9DA /* Main.storyboard */,
				10C5DDB9239034AD00031FDC /* RoommateViewController.swift */,
				3FC7A9B3238F4BF90013F9DA /* Assets.xcassets */,
				3FC7A9B5238F4BF90013F9DA /* LaunchScreen.storyboard */,
				3FC7A9B8238F4BF90013F9DA /* Info.plist */,
				10C5DDBB239034CD00031FDC /* MessageBoardViewController.swift */,
				10C5DDBD239034E600031FDC /* HouseKeepingViewController.swift */,
			);
			path = RoommateHub;
			sourceTree = "<group>";
		};
/* End PBXGroup section */

/* Begin PBXNativeTarget section */
		3FC7A9A6238F4BF80013F9DA /* RoommateHub */ = {
			isa = PBXNativeTarget;
			buildConfigurationList = 3FC7A9BB238F4BF90013F9DA /* Build configuration list for PBXNativeTarget "RoommateHub" */;
			buildPhases = (
				3FC7A9A3238F4BF80013F9DA /* Sources */,
				3FC7A9A4238F4BF80013F9DA /* Frameworks */,
				3FC7A9A5238F4BF80013F9DA /* Resources */,
			);
			buildRules = (
			);
			dependencies = (
			);
			name = RoommateHub;
			productName = RoommateHub;
			productReference = 3FC7A9A7238F4BF80013F9DA /* RoommateHub.app */;
			productType = "com.apple.product-type.application";
		};
/* End PBXNativeTarget section */

/* Begin PBXProject section */
		3FC7A99F238F4BF80013F9DA /* Project object */ = {
			isa = PBXProject;
			attributes = {
				LastSwiftUpdateCheck = 1120;
				LastUpgradeCheck = 1120;
				ORGANIZATIONNAME = "Jeremy Hsu";
				TargetAttributes = {
					3FC7A9A6238F4BF80013F9DA = {
						CreatedOnToolsVersion = 11.2.1;
					};
				};
			};
			buildConfigurationList = 3FC7A9A2238F4BF80013F9DA /* Build configuration list for PBXProject "RoommateHub" */;
			compatibilityVersion = "Xcode 9.3";
			developmentRegion = en;
			hasScannedForEncodings = 0;
			knownRegions = (
				en,
				Base,
			);
			mainGroup = 3FC7A99E238F4BF80013F9DA;
			productRefGroup = 3FC7A9A8238F4BF80013F9DA /* Products */;
			projectDirPath = "";
			projectRoot = "";
			targets = (
				3FC7A9A6238F4BF80013F9DA /* RoommateHub */,
			);
		};
/* End PBXProject section */

/* Begin PBXResourcesBuildPhase section */
		3FC7A9A5238F4BF80013F9DA /* Resources */ = {
			isa = PBXResourcesBuildPhase;
			buildActionMask = 2147483647;
			files = (
				3FC7A9B7238F4BF90013F9DA /* LaunchScreen.storyboard in Resources */,
				3FC7A9B4238F4BF90013F9DA /* Assets.xcassets in Resources */,
				3FC7A9B2238F4BF80013F9DA /* Main.storyboard in Resources */,
			);
			runOnlyForDeploymentPostprocessing = 0;
		};
/* End PBXResourcesBuildPhase section */

/* Begin PBXSourcesBuildPhase section */
		3FC7A9A3238F4BF80013F9DA /* Sources */ = {
			isa = PBXSourcesBuildPhase;
			buildActionMask = 2147483647;
			files = (
				10C5DDB82390348300031FDC /* ContractViewController.swift in Sources */,
				10C5DDBA239034AD00031FDC /* RoommateViewController.swift in Sources */,
				3FC7A9AF238F4BF80013F9DA /* HomeViewController.swift in Sources */,
				3FC7A9AB238F4BF80013F9DA /* AppDelegate.swift in Sources */,
				10C5DDBC239034CD00031FDC /* MessageBoardViewController.swift in Sources */,
				3FC7A9AD238F4BF80013F9DA /* SceneDelegate.swift in Sources */,
				10C5DDBE239034E600031FDC /* HouseKeepingViewController.swift in Sources */,
			);
			runOnlyForDeploymentPostprocessing = 0;
		};
/* End PBXSourcesBuildPhase section */

/* Begin PBXVariantGroup section */
		3FC7A9B0238F4BF80013F9DA /* Main.storyboard */ = {
			isa = PBXVariantGroup;
			children = (
				3FC7A9B1238F4BF80013F9DA /* Base */,
			);
			name = Main.storyboard;
			sourceTree = "<group>";
		};
		3FC7A9B5238F4BF90013F9DA /* LaunchScreen.storyboard */ = {
			isa = PBXVariantGroup;
			children = (
				3FC7A9B6238F4BF90013F9DA /* Base */,
			);
			name = LaunchScreen.storyboard;
			sourceTree = "<group>";
		};
/* End PBXVariantGroup section */

/* Begin XCBuildConfiguration section */
		3FC7A9B9238F4BF90013F9DA /* Debug */ = {
			isa = XCBuildConfiguration;
			buildSettings = {
				ALWAYS_SEARCH_USER_PATHS = NO;
				CLANG_ANALYZER_NONNULL = YES;
				CLANG_ANALYZER_NUMBER_OBJECT_CONVERSION = YES_AGGRESSIVE;
				CLANG_CXX_LANGUAGE_STANDARD = "gnu++14";
				CLANG_CXX_LIBRARY = "libc++";
				CLANG_ENABLE_MODULES = YES;
				CLANG_ENABLE_OBJC_ARC = YES;
				CLANG_ENABLE_OBJC_WEAK = YES;
				CLANG_WARN_BLOCK_CAPTURE_AUTORELEASING = YES;
				CLANG_WARN_BOOL_CONVERSION = YES;
				CLANG_WARN_COMMA = YES;
				CLANG_WARN_CONSTANT_CONVERSION = YES;
				CLANG_WARN_DEPRECATED_OBJC_IMPLEMENTATIONS = YES;
				CLANG_WARN_DIRECT_OBJC_ISA_USAGE = YES_ERROR;
				CLANG_WARN_DOCUMENTATION_COMMENTS = YES;
				CLANG_WARN_EMPTY_BODY = YES;
				CLANG_WARN_ENUM_CONVERSION = YES;
				CLANG_WARN_INFINITE_RECURSION = YES;
				CLANG_WARN_INT_CONVERSION = YES;
				CLANG_WARN_NON_LITERAL_NULL_CONVERSION = YES;
				CLANG_WARN_OBJC_IMPLICIT_RETAIN_SELF = YES;
				CLANG_WARN_OBJC_LITERAL_CONVERSION = YES;
				CLANG_WARN_OBJC_ROOT_CLASS = YES_ERROR;
				CLANG_WARN_RANGE_LOOP_ANALYSIS = YES;
				CLANG_WARN_STRICT_PROTOTYPES = YES;
				CLANG_WARN_SUSPICIOUS_MOVE = YES;
				CLANG_WARN_UNGUARDED_AVAILABILITY = YES_AGGRESSIVE;
				CLANG_WARN_UNREACHABLE_CODE = YES;
				CLANG_WARN__DUPLICATE_METHOD_MATCH = YES;
				COPY_PHASE_STRIP = NO;
				DEBUG_INFORMATION_FORMAT = dwarf;
				ENABLE_STRICT_OBJC_MSGSEND = YES;
				ENABLE_TESTABILITY = YES;
				GCC_C_LANGUAGE_STANDARD = gnu11;
				GCC_DYNAMIC_NO_PIC = NO;
				GCC_NO_COMMON_BLOCKS = YES;
				GCC_OPTIMIZATION_LEVEL = 0;
				GCC_PREPROCESSOR_DEFINITIONS = (
					"DEBUG=1",
					"$(inherited)",
				);
				GCC_WARN_64_TO_32_BIT_CONVERSION = YES;
				GCC_WARN_ABOUT_RETURN_TYPE = YES_ERROR;
				GCC_WARN_UNDECLARED_SELECTOR = YES;
				GCC_WARN_UNINITIALIZED_AUTOS = YES_AGGRESSIVE;
				GCC_WARN_UNUSED_FUNCTION = YES;
				GCC_WARN_UNUSED_VARIABLE = YES;
				IPHONEOS_DEPLOYMENT_TARGET = 13.2;
				MTL_ENABLE_DEBUG_INFO = INCLUDE_SOURCE;
				MTL_FAST_MATH = YES;
				ONLY_ACTIVE_ARCH = YES;
				SDKROOT = iphoneos;
				SWIFT_ACTIVE_COMPILATION_CONDITIONS = DEBUG;
				SWIFT_OPTIMIZATION_LEVEL = "-Onone";
			};
			name = Debug;
		};
		3FC7A9BA238F4BF90013F9DA /* Release */ = {
			isa = XCBuildConfiguration;
			buildSettings = {
				ALWAYS_SEARCH_USER_PATHS = NO;
				CLANG_ANALYZER_NONNULL = YES;
				CLANG_ANALYZER_NUMBER_OBJECT_CONVERSION = YES_AGGRESSIVE;
				CLANG_CXX_LANGUAGE_STANDARD = "gnu++14";
				CLANG_CXX_LIBRARY = "libc++";
				CLANG_ENABLE_MODULES = YES;
				CLANG_ENABLE_OBJC_ARC = YES;
				CLANG_ENABLE_OBJC_WEAK = YES;
				CLANG_WARN_BLOCK_CAPTURE_AUTORELEASING = YES;
				CLANG_WARN_BOOL_CONVERSION = YES;
				CLANG_WARN_COMMA = YES;
				CLANG_WARN_CONSTANT_CONVERSION = YES;
				CLANG_WARN_DEPRECATED_OBJC_IMPLEMENTATIONS = YES;
				CLANG_WARN_DIRECT_OBJC_ISA_USAGE = YES_ERROR;
				CLANG_WARN_DOCUMENTATION_COMMENTS = YES;
				CLANG_WARN_EMPTY_BODY = YES;
				CLANG_WARN_ENUM_CONVERSION = YES;
				CLANG_WARN_INFINITE_RECURSION = YES;
				CLANG_WARN_INT_CONVERSION = YES;
				CLANG_WARN_NON_LITERAL_NULL_CONVERSION = YES;
				CLANG_WARN_OBJC_IMPLICIT_RETAIN_SELF = YES;
				CLANG_WARN_OBJC_LITERAL_CONVERSION = YES;
				CLANG_WARN_OBJC_ROOT_CLASS = YES_ERROR;
				CLANG_WARN_RANGE_LOOP_ANALYSIS = YES;
				CLANG_WARN_STRICT_PROTOTYPES = YES;
				CLANG_WARN_SUSPICIOUS_MOVE = YES;
				CLANG_WARN_UNGUARDED_AVAILABILITY = YES_AGGRESSIVE;
				CLANG_WARN_UNREACHABLE_CODE = YES;
				CLANG_WARN__DUPLICATE_METHOD_MATCH = YES;
				COPY_PHASE_STRIP = NO;
				DEBUG_INFORMATION_FORMAT = "dwarf-with-dsym";
				ENABLE_NS_ASSERTIONS = NO;
				ENABLE_STRICT_OBJC_MSGSEND = YES;
				GCC_C_LANGUAGE_STANDARD = gnu11;
				GCC_NO_COMMON_BLOCKS = YES;
				GCC_WARN_64_TO_32_BIT_CONVERSION = YES;
				GCC_WARN_ABOUT_RETURN_TYPE = YES_ERROR;
				GCC_WARN_UNDECLARED_SELECTOR = YES;
				GCC_WARN_UNINITIALIZED_AUTOS = YES_AGGRESSIVE;
				GCC_WARN_UNUSED_FUNCTION = YES;
				GCC_WARN_UNUSED_VARIABLE = YES;
				IPHONEOS_DEPLOYMENT_TARGET = 13.2;
				MTL_ENABLE_DEBUG_INFO = NO;
				MTL_FAST_MATH = YES;
				SDKROOT = iphoneos;
				SWIFT_COMPILATION_MODE = wholemodule;
				SWIFT_OPTIMIZATION_LEVEL = "-O";
				VALIDATE_PRODUCT = YES;
			};
			name = Release;
		};
		3FC7A9BC238F4BF90013F9DA /* Debug */ = {
			isa = XCBuildConfiguration;
			buildSettings = {
				ASSETCATALOG_COMPILER_APPICON_NAME = AppIcon;
				CODE_SIGN_STYLE = Automatic;
				DEVELOPMENT_TEAM = 8B5MQ7U42Y;
				INFOPLIST_FILE = RoommateHub/Info.plist;
				LD_RUNPATH_SEARCH_PATHS = (
					"$(inherited)",
					"@executable_path/Frameworks",
				);
				PRODUCT_BUNDLE_IDENTIFIER = com.jeremyhsu.RoommateHub;
				PRODUCT_NAME = "$(TARGET_NAME)";
				SWIFT_VERSION = 5.0;
				TARGETED_DEVICE_FAMILY = "1,2";
			};
			name = Debug;
		};
		3FC7A9BD238F4BF90013F9DA /* Release */ = {
			isa = XCBuildConfiguration;
			buildSettings = {
				ASSETCATALOG_COMPILER_APPICON_NAME = AppIcon;
				CODE_SIGN_STYLE = Automatic;
				DEVELOPMENT_TEAM = 8B5MQ7U42Y;
				INFOPLIST_FILE = RoommateHub/Info.plist;
				LD_RUNPATH_SEARCH_PATHS = (
					"$(inherited)",
					"@executable_path/Frameworks",
				);
				PRODUCT_BUNDLE_IDENTIFIER = com.jeremyhsu.RoommateHub;
				PRODUCT_NAME = "$(TARGET_NAME)";
				SWIFT_VERSION = 5.0;
				TARGETED_DEVICE_FAMILY = "1,2";
			};
			name = Release;
		};
/* End XCBuildConfiguration section */

/* Begin XCConfigurationList section */
		3FC7A9A2238F4BF80013F9DA /* Build configuration list for PBXProject "RoommateHub" */ = {
			isa = XCConfigurationList;
			buildConfigurations = (
				3FC7A9B9238F4BF90013F9DA /* Debug */,
				3FC7A9BA238F4BF90013F9DA /* Release */,
			);
			defaultConfigurationIsVisible = 0;
			defaultConfigurationName = Release;
		};
		3FC7A9BB238F4BF90013F9DA /* Build configuration list for PBXNativeTarget "RoommateHub" */ = {
			isa = XCConfigurationList;
			buildConfigurations = (
				3FC7A9BC238F4BF90013F9DA /* Debug */,
				3FC7A9BD238F4BF90013F9DA /* Release */,
			);
			defaultConfigurationIsVisible = 0;
			defaultConfigurationName = Release;
		};
/* End XCConfigurationList section */
	};
	rootObject = 3FC7A99F238F4BF80013F9DA /* Project object */;
}
