// !$*UTF8*$!
{
	archiveVersion = 1;
	classes = {
	};
	objectVersion = 51;
	objects = {

/* Begin PBXBuildFile section */
		103E54B92399A00A00AED5CA /* Task.swift in Sources */ = {isa = PBXBuildFile; fileRef = 103E54B82399A00A00AED5CA /* Task.swift */; };
		103E54BB2399A11100AED5CA /* TaskListTableViewController.swift in Sources */ = {isa = PBXBuildFile; fileRef = 103E54BA2399A11100AED5CA /* TaskListTableViewController.swift */; };
		103E54C1239B03B000AED5CA /* TaskAddViewController.swift in Sources */ = {isa = PBXBuildFile; fileRef = 103E54C0239B03B000AED5CA /* TaskAddViewController.swift */; };
		103E54C3239B183000AED5CA /* TaskCompletedViewController.swift in Sources */ = {isa = PBXBuildFile; fileRef = 103E54C2239B183000AED5CA /* TaskCompletedViewController.swift */; };
		10B1F08A239715C700BF00D3 /* Message.swift in Sources */ = {isa = PBXBuildFile; fileRef = 10B1F089239715C700BF00D3 /* Message.swift */; };
		10B1F08C239715E000BF00D3 /* MessageListViewController.swift in Sources */ = {isa = PBXBuildFile; fileRef = 10B1F08B239715E000BF00D3 /* MessageListViewController.swift */; };
		10C5DDB82390348300031FDC /* ContractViewController.swift in Sources */ = {isa = PBXBuildFile; fileRef = 10C5DDB72390348300031FDC /* ContractViewController.swift */; };
		10C5DDBC239034CD00031FDC /* MessageViewController.swift in Sources */ = {isa = PBXBuildFile; fileRef = 10C5DDBB239034CD00031FDC /* MessageViewController.swift */; };
		3F4315F3239759B5003920EA /* GoogleService-Info.plist in Resources */ = {isa = PBXBuildFile; fileRef = 3F4315F2239759B5003920EA /* GoogleService-Info.plist */; };
		3F5A15032396BB9A00A8DD0D /* RoommateListViewController.swift in Sources */ = {isa = PBXBuildFile; fileRef = 3F5A15022396BB9A00A8DD0D /* RoommateListViewController.swift */; };
		3F5A15072396BBD300A8DD0D /* Roommate.swift in Sources */ = {isa = PBXBuildFile; fileRef = 3F5A15062396BBD300A8DD0D /* Roommate.swift */; };
		3F72EA2723977C16006E40E8 /* LoginViewController.swift in Sources */ = {isa = PBXBuildFile; fileRef = 3F72EA2623977C16006E40E8 /* LoginViewController.swift */; };
		3F7D991F23978EBE00EDF4EE /* SignupViewController.swift in Sources */ = {isa = PBXBuildFile; fileRef = 3F7D991E23978EBE00EDF4EE /* SignupViewController.swift */; };
		3F8CA738239C726A00D83365 /* SF-Pro-Display-Regular.otf in Resources */ = {isa = PBXBuildFile; fileRef = 3F8CA737239C726A00D83365 /* SF-Pro-Display-Regular.otf */; };
		3FAA7F7A239C6EC000416CFE /* SF-Pro-Display-Bold.otf in Resources */ = {isa = PBXBuildFile; fileRef = 3FAA7F79239C6EC000416CFE /* SF-Pro-Display-Bold.otf */; };
		3FC7A9AB238F4BF80013F9DA /* AppDelegate.swift in Sources */ = {isa = PBXBuildFile; fileRef = 3FC7A9AA238F4BF80013F9DA /* AppDelegate.swift */; };
		3FC7A9AD238F4BF80013F9DA /* SceneDelegate.swift in Sources */ = {isa = PBXBuildFile; fileRef = 3FC7A9AC238F4BF80013F9DA /* SceneDelegate.swift */; };
		3FC7A9AF238F4BF80013F9DA /* HomeViewController.swift in Sources */ = {isa = PBXBuildFile; fileRef = 3FC7A9AE238F4BF80013F9DA /* HomeViewController.swift */; };
		3FC7A9B2238F4BF80013F9DA /* Main.storyboard in Resources */ = {isa = PBXBuildFile; fileRef = 3FC7A9B0238F4BF80013F9DA /* Main.storyboard */; };
		3FC7A9B4238F4BF90013F9DA /* Assets.xcassets in Resources */ = {isa = PBXBuildFile; fileRef = 3FC7A9B3238F4BF90013F9DA /* Assets.xcassets */; };
		3FC7A9B7238F4BF90013F9DA /* LaunchScreen.storyboard in Resources */ = {isa = PBXBuildFile; fileRef = 3FC7A9B5238F4BF90013F9DA /* LaunchScreen.storyboard */; };
		3FF518992399945500719CB7 /* RoommateViewController.swift in Sources */ = {isa = PBXBuildFile; fileRef = 3FF518982399945500719CB7 /* RoommateViewController.swift */; };
		6C3B3A449CE8B89E78C2A870 /* Pods_RoommateHub.framework in Frameworks */ = {isa = PBXBuildFile; fileRef = 01F17388304F48AEAA582AD0 /* Pods_RoommateHub.framework */; };
/* End PBXBuildFile section */

/* Begin PBXFileReference section */
		01F17388304F48AEAA582AD0 /* Pods_RoommateHub.framework */ = {isa = PBXFileReference; explicitFileType = wrapper.framework; includeInIndex = 0; path = Pods_RoommateHub.framework; sourceTree = BUILT_PRODUCTS_DIR; };
		103E54B82399A00A00AED5CA /* Task.swift */ = {isa = PBXFileReference; lastKnownFileType = sourcecode.swift; path = Task.swift; sourceTree = "<group>"; };
		103E54BA2399A11100AED5CA /* TaskListTableViewController.swift */ = {isa = PBXFileReference; lastKnownFileType = sourcecode.swift; path = TaskListTableViewController.swift; sourceTree = "<group>"; };
		103E54C0239B03B000AED5CA /* TaskAddViewController.swift */ = {isa = PBXFileReference; lastKnownFileType = sourcecode.swift; path = TaskAddViewController.swift; sourceTree = "<group>"; };
		103E54C2239B183000AED5CA /* TaskCompletedViewController.swift */ = {isa = PBXFileReference; lastKnownFileType = sourcecode.swift; path = TaskCompletedViewController.swift; sourceTree = "<group>"; };
		10B1F089239715C700BF00D3 /* Message.swift */ = {isa = PBXFileReference; lastKnownFileType = sourcecode.swift; path = Message.swift; sourceTree = "<group>"; };
		10B1F08B239715E000BF00D3 /* MessageListViewController.swift */ = {isa = PBXFileReference; lastKnownFileType = sourcecode.swift; path = MessageListViewController.swift; sourceTree = "<group>"; };
		10C5DDB72390348300031FDC /* ContractViewController.swift */ = {isa = PBXFileReference; lastKnownFileType = sourcecode.swift; path = ContractViewController.swift; sourceTree = "<group>"; };
		10C5DDBB239034CD00031FDC /* MessageViewController.swift */ = {isa = PBXFileReference; lastKnownFileType = sourcecode.swift; path = MessageViewController.swift; sourceTree = "<group>"; };
		3F4315F2239759B5003920EA /* GoogleService-Info.plist */ = {isa = PBXFileReference; fileEncoding = 4; lastKnownFileType = text.plist.xml; path = "GoogleService-Info.plist"; sourceTree = "<group>"; };
		3F5A15022396BB9A00A8DD0D /* RoommateListViewController.swift */ = {isa = PBXFileReference; lastKnownFileType = sourcecode.swift; path = RoommateListViewController.swift; sourceTree = "<group>"; };
		3F5A15062396BBD300A8DD0D /* Roommate.swift */ = {isa = PBXFileReference; lastKnownFileType = sourcecode.swift; path = Roommate.swift; sourceTree = "<group>"; };
		3F72EA2623977C16006E40E8 /* LoginViewController.swift */ = {isa = PBXFileReference; lastKnownFileType = sourcecode.swift; path = LoginViewController.swift; sourceTree = "<group>"; };
		3F7D991E23978EBE00EDF4EE /* SignupViewController.swift */ = {isa = PBXFileReference; lastKnownFileType = sourcecode.swift; path = SignupViewController.swift; sourceTree = "<group>"; };
		3F8CA737239C726A00D83365 /* SF-Pro-Display-Regular.otf */ = {isa = PBXFileReference; lastKnownFileType = file; path = "SF-Pro-Display-Regular.otf"; sourceTree = "<group>"; };
		3FAA7F79239C6EC000416CFE /* SF-Pro-Display-Bold.otf */ = {isa = PBXFileReference; lastKnownFileType = file; path = "SF-Pro-Display-Bold.otf"; sourceTree = "<group>"; };
		3FC7A9A7238F4BF80013F9DA /* RoommateHub.app */ = {isa = PBXFileReference; explicitFileType = wrapper.application; includeInIndex = 0; path = RoommateHub.app; sourceTree = BUILT_PRODUCTS_DIR; };
		3FC7A9AA238F4BF80013F9DA /* AppDelegate.swift */ = {isa = PBXFileReference; lastKnownFileType = sourcecode.swift; path = AppDelegate.swift; sourceTree = "<group>"; };
		3FC7A9AC238F4BF80013F9DA /* SceneDelegate.swift */ = {isa = PBXFileReference; lastKnownFileType = sourcecode.swift; path = SceneDelegate.swift; sourceTree = "<group>"; };
		3FC7A9AE238F4BF80013F9DA /* HomeViewController.swift */ = {isa = PBXFileReference; lastKnownFileType = sourcecode.swift; path = HomeViewController.swift; sourceTree = "<group>"; };
		3FC7A9B1238F4BF80013F9DA /* Base */ = {isa = PBXFileReference; lastKnownFileType = file.storyboard; name = Base; path = Base.lproj/Main.storyboard; sourceTree = "<group>"; };
		3FC7A9B3238F4BF90013F9DA /* Assets.xcassets */ = {isa = PBXFileReference; lastKnownFileType = folder.assetcatalog; path = Assets.xcassets; sourceTree = "<group>"; };
		3FC7A9B6238F4BF90013F9DA /* Base */ = {isa = PBXFileReference; lastKnownFileType = file.storyboard; name = Base; path = Base.lproj/LaunchScreen.storyboard; sourceTree = "<group>"; };
		3FC7A9B8238F4BF90013F9DA /* Info.plist */ = {isa = PBXFileReference; lastKnownFileType = text.plist.xml; path = Info.plist; sourceTree = "<group>"; };
		3FC7A9BE238F4C120013F9DA /* README.md */ = {isa = PBXFileReference; lastKnownFileType = net.daringfireball.markdown; path = README.md; sourceTree = "<group>"; };
		3FF518982399945500719CB7 /* RoommateViewController.swift */ = {isa = PBXFileReference; lastKnownFileType = sourcecode.swift; path = RoommateViewController.swift; sourceTree = "<group>"; };
		753C1C4F6D3349A6ACF7C7F1 /* Pods-RoommateHub.debug.xcconfig */ = {isa = PBXFileReference; includeInIndex = 1; lastKnownFileType = text.xcconfig; name = "Pods-RoommateHub.debug.xcconfig"; path = "Target Support Files/Pods-RoommateHub/Pods-RoommateHub.debug.xcconfig"; sourceTree = "<group>"; };
		D65DE7C41710CBE797A34DA5 /* Pods-RoommateHub.release.xcconfig */ = {isa = PBXFileReference; includeInIndex = 1; lastKnownFileType = text.xcconfig; name = "Pods-RoommateHub.release.xcconfig"; path = "Target Support Files/Pods-RoommateHub/Pods-RoommateHub.release.xcconfig"; sourceTree = "<group>"; };
/* End PBXFileReference section */

/* Begin PBXFrameworksBuildPhase section */
		3FC7A9A4238F4BF80013F9DA /* Frameworks */ = {
			isa = PBXFrameworksBuildPhase;
			buildActionMask = 2147483647;
			files = (
				6C3B3A449CE8B89E78C2A870 /* Pods_RoommateHub.framework in Frameworks */,
			);
			runOnlyForDeploymentPostprocessing = 0;
		};
/* End PBXFrameworksBuildPhase section */

/* Begin PBXGroup section */
		050743BC13D048C7B7E6B8A9 /* Pods */ = {
			isa = PBXGroup;
			children = (
				753C1C4F6D3349A6ACF7C7F1 /* Pods-RoommateHub.debug.xcconfig */,
				D65DE7C41710CBE797A34DA5 /* Pods-RoommateHub.release.xcconfig */,
			);
			path = Pods;
			sourceTree = "<group>";
		};
		3F88E23B239C679500D30912 /* Fonts */ = {
			isa = PBXGroup;
			children = (
				3F8CA737239C726A00D83365 /* SF-Pro-Display-Regular.otf */,
				3FAA7F79239C6EC000416CFE /* SF-Pro-Display-Bold.otf */,
			);
			path = Fonts;
			sourceTree = "<group>";
		};
		3FC7A99E238F4BF80013F9DA = {
			isa = PBXGroup;
			children = (
				3FC7A9A9238F4BF80013F9DA /* RoommateHub */,
				3FC7A9A8238F4BF80013F9DA /* Products */,
				050743BC13D048C7B7E6B8A9 /* Pods */,
				D0099A55A34E44C7BEF938A4 /* Frameworks */,
			);
			sourceTree = "<group>";
		};
		3FC7A9A8238F4BF80013F9DA /* Products */ = {
			isa = PBXGroup;
			children = (
				3FC7A9A7238F4BF80013F9DA /* RoommateHub.app */,
			);
			name = Products;
			sourceTree = "<group>";
		};
		3FC7A9A9238F4BF80013F9DA /* RoommateHub */ = {
			isa = PBXGroup;
			children = (
				10C5DDB72390348300031FDC /* ContractViewController.swift */,
				3FC7A9AA238F4BF80013F9DA /* AppDelegate.swift */,
				3FC7A9BE238F4C120013F9DA /* README.md */,
				3FC7A9AC238F4BF80013F9DA /* SceneDelegate.swift */,
				3FC7A9AE238F4BF80013F9DA /* HomeViewController.swift */,
				3F5A15062396BBD300A8DD0D /* Roommate.swift */,
				3FF518982399945500719CB7 /* RoommateViewController.swift */,
				3F5A15022396BB9A00A8DD0D /* RoommateListViewController.swift */,
				3FC7A9B0238F4BF80013F9DA /* Main.storyboard */,
				3FC7A9B3238F4BF90013F9DA /* Assets.xcassets */,
				3FC7A9B5238F4BF90013F9DA /* LaunchScreen.storyboard */,
				3F7D991E23978EBE00EDF4EE /* SignupViewController.swift */,
				3F72EA2623977C16006E40E8 /* LoginViewController.swift */,
				3F4315F2239759B5003920EA /* GoogleService-Info.plist */,
				3FC7A9B8238F4BF90013F9DA /* Info.plist */,
				103E54C2239B183000AED5CA /* TaskCompletedViewController.swift */,
				103E54BA2399A11100AED5CA /* TaskListTableViewController.swift */,
				103E54C0239B03B000AED5CA /* TaskAddViewController.swift */,
				103E54B82399A00A00AED5CA /* Task.swift */,
				3F88E23B239C679500D30912 /* Fonts */,
				10C5DDBB239034CD00031FDC /* MessageViewController.swift */,
				10B1F089239715C700BF00D3 /* Message.swift */,
				10B1F08B239715E000BF00D3 /* MessageListViewController.swift */,
			);
			path = RoommateHub;
			sourceTree = "<group>";
		};
		D0099A55A34E44C7BEF938A4 /* Frameworks */ = {
			isa = PBXGroup;
			children = (
				01F17388304F48AEAA582AD0 /* Pods_RoommateHub.framework */,
			);
			name = Frameworks;
			sourceTree = "<group>";
		};
/* End PBXGroup section */

/* Begin PBXNativeTarget section */
		3FC7A9A6238F4BF80013F9DA /* RoommateHub */ = {
			isa = PBXNativeTarget;
			buildConfigurationList = 3FC7A9BB238F4BF90013F9DA /* Build configuration list for PBXNativeTarget "RoommateHub" */;
			buildPhases = (
				AEE9D3678CC42F18E359C21D /* [CP] Check Pods Manifest.lock */,
				3FC7A9A3238F4BF80013F9DA /* Sources */,
				3FC7A9A4238F4BF80013F9DA /* Frameworks */,
				3FC7A9A5238F4BF80013F9DA /* Resources */,
				DC265AF9DF7360FCFA066A35 /* [CP] Copy Pods Resources */,
				F9301D1F26A6164812655589 /* [CP] Embed Pods Frameworks */,
			);
			buildRules = (
			);
			dependencies = (
			);
			name = RoommateHub;
			productName = RoommateHub;
			productReference = 3FC7A9A7238F4BF80013F9DA /* RoommateHub.app */;
			productType = "com.apple.product-type.application";
		};
/* End PBXNativeTarget section */

/* Begin PBXProject section */
		3FC7A99F238F4BF80013F9DA /* Project object */ = {
			isa = PBXProject;
			attributes = {
				LastSwiftUpdateCheck = 1120;
				LastUpgradeCheck = 1120;
				ORGANIZATIONNAME = "Jeremy Hsu";
				TargetAttributes = {
					3FC7A9A6238F4BF80013F9DA = {
						CreatedOnToolsVersion = 11.2.1;
					};
				};
			};
			buildConfigurationList = 3FC7A9A2238F4BF80013F9DA /* Build configuration list for PBXProject "RoommateHub" */;
			compatibilityVersion = "Xcode 9.3";
			developmentRegion = en;
			hasScannedForEncodings = 0;
			knownRegions = (
				en,
				Base,
			);
			mainGroup = 3FC7A99E238F4BF80013F9DA;
			productRefGroup = 3FC7A9A8238F4BF80013F9DA /* Products */;
			projectDirPath = "";
			projectRoot = "";
			targets = (
				3FC7A9A6238F4BF80013F9DA /* RoommateHub */,
			);
		};
/* End PBXProject section */

/* Begin PBXResourcesBuildPhase section */
		3FC7A9A5238F4BF80013F9DA /* Resources */ = {
			isa = PBXResourcesBuildPhase;
			buildActionMask = 2147483647;
			files = (
				3F8CA738239C726A00D83365 /* SF-Pro-Display-Regular.otf in Resources */,
				3FC7A9B7238F4BF90013F9DA /* LaunchScreen.storyboard in Resources */,
				3F4315F3239759B5003920EA /* GoogleService-Info.plist in Resources */,
				3FAA7F7A239C6EC000416CFE /* SF-Pro-Display-Bold.otf in Resources */,
				3FC7A9B4238F4BF90013F9DA /* Assets.xcassets in Resources */,
				3FC7A9B2238F4BF80013F9DA /* Main.storyboard in Resources */,
			);
			runOnlyForDeploymentPostprocessing = 0;
		};
/* End PBXResourcesBuildPhase section */

/* Begin PBXShellScriptBuildPhase section */
		AEE9D3678CC42F18E359C21D /* [CP] Check Pods Manifest.lock */ = {
			isa = PBXShellScriptBuildPhase;
			buildActionMask = 2147483647;
			files = (
			);
			inputFileListPaths = (
			);
			inputPaths = (
				"${PODS_PODFILE_DIR_PATH}/Podfile.lock",
				"${PODS_ROOT}/Manifest.lock",
			);
			name = "[CP] Check Pods Manifest.lock";
			outputFileListPaths = (
			);
			outputPaths = (
				"$(DERIVED_FILE_DIR)/Pods-RoommateHub-checkManifestLockResult.txt",
			);
			runOnlyForDeploymentPostprocessing = 0;
			shellPath = /bin/sh;
			shellScript = "diff \"${PODS_PODFILE_DIR_PATH}/Podfile.lock\" \"${PODS_ROOT}/Manifest.lock\" > /dev/null\nif [ $? != 0 ] ; then\n    # print error to STDERR\n    echo \"error: The sandbox is not in sync with the Podfile.lock. Run 'pod install' or update your CocoaPods installation.\" >&2\n    exit 1\nfi\n# This output is used by Xcode 'outputs' to avoid re-running this script phase.\necho \"SUCCESS\" > \"${SCRIPT_OUTPUT_FILE_0}\"\n";
			showEnvVarsInLog = 0;
		};
		DC265AF9DF7360FCFA066A35 /* [CP] Copy Pods Resources */ = {
			isa = PBXShellScriptBuildPhase;
			buildActionMask = 2147483647;
			files = (
			);
			inputFileListPaths = (
				"${PODS_ROOT}/Target Support Files/Pods-RoommateHub/Pods-RoommateHub-resources-${CONFIGURATION}-input-files.xcfilelist",
			);
			name = "[CP] Copy Pods Resources";
			outputFileListPaths = (
				"${PODS_ROOT}/Target Support Files/Pods-RoommateHub/Pods-RoommateHub-resources-${CONFIGURATION}-output-files.xcfilelist",
			);
			runOnlyForDeploymentPostprocessing = 0;
			shellPath = /bin/sh;
			shellScript = "\"${PODS_ROOT}/Target Support Files/Pods-RoommateHub/Pods-RoommateHub-resources.sh\"\n";
			showEnvVarsInLog = 0;
		};
		F9301D1F26A6164812655589 /* [CP] Embed Pods Frameworks */ = {
			isa = PBXShellScriptBuildPhase;
			buildActionMask = 2147483647;
			files = (
			);
			inputFileListPaths = (
				"${PODS_ROOT}/Target Support Files/Pods-RoommateHub/Pods-RoommateHub-frameworks-${CONFIGURATION}-input-files.xcfilelist",
			);
			name = "[CP] Embed Pods Frameworks";
			outputFileListPaths = (
				"${PODS_ROOT}/Target Support Files/Pods-RoommateHub/Pods-RoommateHub-frameworks-${CONFIGURATION}-output-files.xcfilelist",
			);
			runOnlyForDeploymentPostprocessing = 0;
			shellPath = /bin/sh;
			shellScript = "\"${PODS_ROOT}/Target Support Files/Pods-RoommateHub/Pods-RoommateHub-frameworks.sh\"\n";
			showEnvVarsInLog = 0;
		};
/* End PBXShellScriptBuildPhase section */

/* Begin PBXSourcesBuildPhase section */
		3FC7A9A3238F4BF80013F9DA /* Sources */ = {
			isa = PBXSourcesBuildPhase;
			buildActionMask = 2147483647;
			files = (
				3FF518992399945500719CB7 /* RoommateViewController.swift in Sources */,
				103E54C3239B183000AED5CA /* TaskCompletedViewController.swift in Sources */,
				103E54C1239B03B000AED5CA /* TaskAddViewController.swift in Sources */,
				10B1F08C239715E000BF00D3 /* MessageListViewController.swift in Sources */,
				10C5DDB82390348300031FDC /* ContractViewController.swift in Sources */,
				3F5A15072396BBD300A8DD0D /* Roommate.swift in Sources */,
				3FC7A9AF238F4BF80013F9DA /* HomeViewController.swift in Sources */,
				3FC7A9AB238F4BF80013F9DA /* AppDelegate.swift in Sources */,
				10C5DDBC239034CD00031FDC /* MessageViewController.swift in Sources */,
				3F7D991F23978EBE00EDF4EE /* SignupViewController.swift in Sources */,
				3FC7A9AD238F4BF80013F9DA /* SceneDelegate.swift in Sources */,
				10B1F08A239715C700BF00D3 /* Message.swift in Sources */,
				3F72EA2723977C16006E40E8 /* LoginViewController.swift in Sources */,
				103E54B92399A00A00AED5CA /* Task.swift in Sources */,
				103E54BB2399A11100AED5CA /* TaskListTableViewController.swift in Sources */,
				3F5A15032396BB9A00A8DD0D /* RoommateListViewController.swift in Sources */,
			);
			runOnlyForDeploymentPostprocessing = 0;
		};
/* End PBXSourcesBuildPhase section */

/* Begin PBXVariantGroup section */
		3FC7A9B0238F4BF80013F9DA /* Main.storyboard */ = {
			isa = PBXVariantGroup;
			children = (
				3FC7A9B1238F4BF80013F9DA /* Base */,
			);
			name = Main.storyboard;
			sourceTree = "<group>";
		};
		3FC7A9B5238F4BF90013F9DA /* LaunchScreen.storyboard */ = {
			isa = PBXVariantGroup;
			children = (
				3FC7A9B6238F4BF90013F9DA /* Base */,
			);
			name = LaunchScreen.storyboard;
			sourceTree = "<group>";
		};
/* End PBXVariantGroup section */

/* Begin XCBuildConfiguration section */
		3FC7A9B9238F4BF90013F9DA /* Debug */ = {
			isa = XCBuildConfiguration;
			buildSettings = {
				ALWAYS_SEARCH_USER_PATHS = NO;
				CLANG_ANALYZER_NONNULL = YES;
				CLANG_ANALYZER_NUMBER_OBJECT_CONVERSION = YES_AGGRESSIVE;
				CLANG_CXX_LANGUAGE_STANDARD = "gnu++14";
				CLANG_CXX_LIBRARY = "libc++";
				CLANG_ENABLE_MODULES = YES;
				CLANG_ENABLE_OBJC_ARC = YES;
				CLANG_ENABLE_OBJC_WEAK = YES;
				CLANG_WARN_BLOCK_CAPTURE_AUTORELEASING = YES;
				CLANG_WARN_BOOL_CONVERSION = YES;
				CLANG_WARN_COMMA = YES;
				CLANG_WARN_CONSTANT_CONVERSION = YES;
				CLANG_WARN_DEPRECATED_OBJC_IMPLEMENTATIONS = YES;
				CLANG_WARN_DIRECT_OBJC_ISA_USAGE = YES_ERROR;
				CLANG_WARN_DOCUMENTATION_COMMENTS = YES;
				CLANG_WARN_EMPTY_BODY = YES;
				CLANG_WARN_ENUM_CONVERSION = YES;
				CLANG_WARN_INFINITE_RECURSION = YES;
				CLANG_WARN_INT_CONVERSION = YES;
				CLANG_WARN_NON_LITERAL_NULL_CONVERSION = YES;
				CLANG_WARN_OBJC_IMPLICIT_RETAIN_SELF = YES;
				CLANG_WARN_OBJC_LITERAL_CONVERSION = YES;
				CLANG_WARN_OBJC_ROOT_CLASS = YES_ERROR;
				CLANG_WARN_RANGE_LOOP_ANALYSIS = YES;
				CLANG_WARN_STRICT_PROTOTYPES = YES;
				CLANG_WARN_SUSPICIOUS_MOVE = YES;
				CLANG_WARN_UNGUARDED_AVAILABILITY = YES_AGGRESSIVE;
				CLANG_WARN_UNREACHABLE_CODE = YES;
				CLANG_WARN__DUPLICATE_METHOD_MATCH = YES;
				COPY_PHASE_STRIP = NO;
				DEBUG_INFORMATION_FORMAT = dwarf;
				ENABLE_STRICT_OBJC_MSGSEND = YES;
				ENABLE_TESTABILITY = YES;
				GCC_C_LANGUAGE_STANDARD = gnu11;
				GCC_DYNAMIC_NO_PIC = NO;
				GCC_NO_COMMON_BLOCKS = YES;
				GCC_OPTIMIZATION_LEVEL = 0;
				GCC_PREPROCESSOR_DEFINITIONS = (
					"DEBUG=1",
					"$(inherited)",
				);
				GCC_WARN_64_TO_32_BIT_CONVERSION = YES;
				GCC_WARN_ABOUT_RETURN_TYPE = YES_ERROR;
				GCC_WARN_UNDECLARED_SELECTOR = YES;
				GCC_WARN_UNINITIALIZED_AUTOS = YES_AGGRESSIVE;
				GCC_WARN_UNUSED_FUNCTION = YES;
				GCC_WARN_UNUSED_VARIABLE = YES;
				IPHONEOS_DEPLOYMENT_TARGET = 13.2;
				MTL_ENABLE_DEBUG_INFO = INCLUDE_SOURCE;
				MTL_FAST_MATH = YES;
				ONLY_ACTIVE_ARCH = YES;
				SDKROOT = iphoneos;
				SWIFT_ACTIVE_COMPILATION_CONDITIONS = DEBUG;
				SWIFT_OPTIMIZATION_LEVEL = "-Onone";
			};
			name = Debug;
		};
		3FC7A9BA238F4BF90013F9DA /* Release */ = {
			isa = XCBuildConfiguration;
			buildSettings = {
				ALWAYS_SEARCH_USER_PATHS = NO;
				CLANG_ANALYZER_NONNULL = YES;
				CLANG_ANALYZER_NUMBER_OBJECT_CONVERSION = YES_AGGRESSIVE;
				CLANG_CXX_LANGUAGE_STANDARD = "gnu++14";
				CLANG_CXX_LIBRARY = "libc++";
				CLANG_ENABLE_MODULES = YES;
				CLANG_ENABLE_OBJC_ARC = YES;
				CLANG_ENABLE_OBJC_WEAK = YES;
				CLANG_WARN_BLOCK_CAPTURE_AUTORELEASING = YES;
				CLANG_WARN_BOOL_CONVERSION = YES;
				CLANG_WARN_COMMA = YES;
				CLANG_WARN_CONSTANT_CONVERSION = YES;
				CLANG_WARN_DEPRECATED_OBJC_IMPLEMENTATIONS = YES;
				CLANG_WARN_DIRECT_OBJC_ISA_USAGE = YES_ERROR;
				CLANG_WARN_DOCUMENTATION_COMMENTS = YES;
				CLANG_WARN_EMPTY_BODY = YES;
				CLANG_WARN_ENUM_CONVERSION = YES;
				CLANG_WARN_INFINITE_RECURSION = YES;
				CLANG_WARN_INT_CONVERSION = YES;
				CLANG_WARN_NON_LITERAL_NULL_CONVERSION = YES;
				CLANG_WARN_OBJC_IMPLICIT_RETAIN_SELF = YES;
				CLANG_WARN_OBJC_LITERAL_CONVERSION = YES;
				CLANG_WARN_OBJC_ROOT_CLASS = YES_ERROR;
				CLANG_WARN_RANGE_LOOP_ANALYSIS = YES;
				CLANG_WARN_STRICT_PROTOTYPES = YES;
				CLANG_WARN_SUSPICIOUS_MOVE = YES;
				CLANG_WARN_UNGUARDED_AVAILABILITY = YES_AGGRESSIVE;
				CLANG_WARN_UNREACHABLE_CODE = YES;
				CLANG_WARN__DUPLICATE_METHOD_MATCH = YES;
				COPY_PHASE_STRIP = NO;
				DEBUG_INFORMATION_FORMAT = "dwarf-with-dsym";
				ENABLE_NS_ASSERTIONS = NO;
				ENABLE_STRICT_OBJC_MSGSEND = YES;
				GCC_C_LANGUAGE_STANDARD = gnu11;
				GCC_NO_COMMON_BLOCKS = YES;
				GCC_WARN_64_TO_32_BIT_CONVERSION = YES;
				GCC_WARN_ABOUT_RETURN_TYPE = YES_ERROR;
				GCC_WARN_UNDECLARED_SELECTOR = YES;
				GCC_WARN_UNINITIALIZED_AUTOS = YES_AGGRESSIVE;
				GCC_WARN_UNUSED_FUNCTION = YES;
				GCC_WARN_UNUSED_VARIABLE = YES;
				IPHONEOS_DEPLOYMENT_TARGET = 13.2;
				MTL_ENABLE_DEBUG_INFO = NO;
				MTL_FAST_MATH = YES;
				SDKROOT = iphoneos;
				SWIFT_COMPILATION_MODE = wholemodule;
				SWIFT_OPTIMIZATION_LEVEL = "-O";
				VALIDATE_PRODUCT = YES;
			};
			name = Release;
		};
		3FC7A9BC238F4BF90013F9DA /* Debug */ = {
			isa = XCBuildConfiguration;
			baseConfigurationReference = 753C1C4F6D3349A6ACF7C7F1 /* Pods-RoommateHub.debug.xcconfig */;
			buildSettings = {
				ASSETCATALOG_COMPILER_APPICON_NAME = AppIcon;
				CODE_SIGN_STYLE = Automatic;
				DEVELOPMENT_TEAM = 8B5MQ7U42Y;
				INFOPLIST_FILE = RoommateHub/Info.plist;
				LD_RUNPATH_SEARCH_PATHS = (
					"$(inherited)",
					"@executable_path/Frameworks",
				);
				PRODUCT_BUNDLE_IDENTIFIER = com.jeremyhsu.RoommateHub;
				PRODUCT_NAME = "$(TARGET_NAME)";
				SWIFT_VERSION = 5.0;
				TARGETED_DEVICE_FAMILY = "1,2";
			};
			name = Debug;
		};
		3FC7A9BD238F4BF90013F9DA /* Release */ = {
			isa = XCBuildConfiguration;
			baseConfigurationReference = D65DE7C41710CBE797A34DA5 /* Pods-RoommateHub.release.xcconfig */;
			buildSettings = {
				ASSETCATALOG_COMPILER_APPICON_NAME = AppIcon;
				CODE_SIGN_STYLE = Automatic;
				DEVELOPMENT_TEAM = 8B5MQ7U42Y;
				INFOPLIST_FILE = RoommateHub/Info.plist;
				LD_RUNPATH_SEARCH_PATHS = (
					"$(inherited)",
					"@executable_path/Frameworks",
				);
				PRODUCT_BUNDLE_IDENTIFIER = com.jeremyhsu.RoommateHub;
				PRODUCT_NAME = "$(TARGET_NAME)";
				SWIFT_VERSION = 5.0;
				TARGETED_DEVICE_FAMILY = "1,2";
			};
			name = Release;
		};
/* End XCBuildConfiguration section */

/* Begin XCConfigurationList section */
		3FC7A9A2238F4BF80013F9DA /* Build configuration list for PBXProject "RoommateHub" */ = {
			isa = XCConfigurationList;
			buildConfigurations = (
				3FC7A9B9238F4BF90013F9DA /* Debug */,
				3FC7A9BA238F4BF90013F9DA /* Release */,
			);
			defaultConfigurationIsVisible = 0;
			defaultConfigurationName = Release;
		};
		3FC7A9BB238F4BF90013F9DA /* Build configuration list for PBXNativeTarget "RoommateHub" */ = {
			isa = XCConfigurationList;
			buildConfigurations = (
				3FC7A9BC238F4BF90013F9DA /* Debug */,
				3FC7A9BD238F4BF90013F9DA /* Release */,
			);
			defaultConfigurationIsVisible = 0;
			defaultConfigurationName = Release;
		};
/* End XCConfigurationList section */
	};
	rootObject = 3FC7A99F238F4BF80013F9DA /* Project object */;
}
